
Microsoft Visual Studio Solution File, Format Version 12.00
# Visual Studio Version 16
VisualStudioVersion = 16.0.29409.12
MinimumVisualStudioVersion = 10.0.40219.1
Project("{FAE04EC0-301F-11D3-BF4B-00C04F79EFBC}") = "GreenShade.TreeView", "GreenShade.TreeView\GreenShade.TreeView.csproj", "{C520795C-70A9-4AF6-A269-35F89E88E2EF}"
EndProject
Project("{FAE04EC0-301F-11D3-BF4B-00C04F79EFBC}") = "GreenShade.ML.EmoticonDetection", "GreenShade.ML.EmoticonDetection\GreenShade.ML.EmoticonDetection.csproj", "{C2447385-8379-472F-9B6F-781A7D59A92B}"
EndProject
Project("{9A19103F-16F7-4668-BE54-9A1E7A4F7556}") = "GreenShade.Wpf.DrawImageByGDI", "WpfDrawImageByGDI\GreenShade.Wpf.DrawImageByGDI.csproj", "{F8FD083C-CEAB-4925-8B70-601B3C6E126B}"
EndProject
Project("{FAE04EC0-301F-11D3-BF4B-00C04F79EFBC}") = "GreenShade.UWP.UseEFCore3.1", "GreenShade.UWP.UseEFCore3.1\GreenShade.UWP.UseEFCore3.1.csproj", "{9B90CC26-9A68-4430-B5D3-7765A7D8F52D}"
EndProject
Project("{FAE04EC0-301F-11D3-BF4B-00C04F79EFBC}") = "EFcore", "EFcore\EFcore.csproj", "{85E13DB4-C87F-457B-BA43-0A61F5BE812E}"
EndProject
Project("{FAE04EC0-301F-11D3-BF4B-00C04F79EFBC}") = "GreenShade.EFCoreConsole", "GreenShade.EFCoreConsole\GreenShade.EFCoreConsole.csproj", "{010A0FCA-604B-42F3-B2B8-209FC3F178C8}"
EndProject
Project("{9A19103F-16F7-4668-BE54-9A1E7A4F7556}") = "TimedTasksByDotNetCore", "TimedTasksByDotNetCore\TimedTasksByDotNetCore.csproj", "{60ABB76D-25FA-49C5-A360-2BA805C09BE5}"
EndProject
Project("{FAE04EC0-301F-11D3-BF4B-00C04F79EFBC}") = "GreenShade.ML.OnnxModel", "GreenShade.ML.OnnxModel\GreenShade.ML.OnnxModel.csproj", "{7D65C43B-5061-4C20-831A-50DDA5C84215}"
EndProject
Global
	GlobalSection(SolutionConfigurationPlatforms) = preSolution
		Debug|Any CPU = Debug|Any CPU
		Debug|ARM = Debug|ARM
		Debug|ARM64 = Debug|ARM64
		Debug|x64 = Debug|x64
		Debug|x86 = Debug|x86
		Release|Any CPU = Release|Any CPU
		Release|ARM = Release|ARM
		Release|ARM64 = Release|ARM64
		Release|x64 = Release|x64
		Release|x86 = Release|x86
	EndGlobalSection
	GlobalSection(ProjectConfigurationPlatforms) = postSolution
		{C520795C-70A9-4AF6-A269-35F89E88E2EF}.Debug|Any CPU.ActiveCfg = Debug|x86
		{C520795C-70A9-4AF6-A269-35F89E88E2EF}.Debug|ARM.ActiveCfg = Debug|ARM
		{C520795C-70A9-4AF6-A269-35F89E88E2EF}.Debug|ARM.Build.0 = Debug|ARM
		{C520795C-70A9-4AF6-A269-35F89E88E2EF}.Debug|ARM.Deploy.0 = Debug|ARM
		{C520795C-70A9-4AF6-A269-35F89E88E2EF}.Debug|ARM64.ActiveCfg = Debug|ARM64
		{C520795C-70A9-4AF6-A269-35F89E88E2EF}.Debug|ARM64.Build.0 = Debug|ARM64
		{C520795C-70A9-4AF6-A269-35F89E88E2EF}.Debug|ARM64.Deploy.0 = Debug|ARM64
		{C520795C-70A9-4AF6-A269-35F89E88E2EF}.Debug|x64.ActiveCfg = Debug|x64
		{C520795C-70A9-4AF6-A269-35F89E88E2EF}.Debug|x64.Build.0 = Debug|x64
		{C520795C-70A9-4AF6-A269-35F89E88E2EF}.Debug|x64.Deploy.0 = Debug|x64
		{C520795C-70A9-4AF6-A269-35F89E88E2EF}.Debug|x86.ActiveCfg = Debug|x86
		{C520795C-70A9-4AF6-A269-35F89E88E2EF}.Debug|x86.Build.0 = Debug|x86
		{C520795C-70A9-4AF6-A269-35F89E88E2EF}.Debug|x86.Deploy.0 = Debug|x86
		{C520795C-70A9-4AF6-A269-35F89E88E2EF}.Release|Any CPU.ActiveCfg = Release|x86
		{C520795C-70A9-4AF6-A269-35F89E88E2EF}.Release|ARM.ActiveCfg = Release|ARM
		{C520795C-70A9-4AF6-A269-35F89E88E2EF}.Release|ARM.Build.0 = Release|ARM
		{C520795C-70A9-4AF6-A269-35F89E88E2EF}.Release|ARM.Deploy.0 = Release|ARM
		{C520795C-70A9-4AF6-A269-35F89E88E2EF}.Release|ARM64.ActiveCfg = Release|ARM64
		{C520795C-70A9-4AF6-A269-35F89E88E2EF}.Release|ARM64.Build.0 = Release|ARM64
		{C520795C-70A9-4AF6-A269-35F89E88E2EF}.Release|ARM64.Deploy.0 = Release|ARM64
		{C520795C-70A9-4AF6-A269-35F89E88E2EF}.Release|x64.ActiveCfg = Release|x64
		{C520795C-70A9-4AF6-A269-35F89E88E2EF}.Release|x64.Build.0 = Release|x64
		{C520795C-70A9-4AF6-A269-35F89E88E2EF}.Release|x64.Deploy.0 = Release|x64
		{C520795C-70A9-4AF6-A269-35F89E88E2EF}.Release|x86.ActiveCfg = Release|x86
		{C520795C-70A9-4AF6-A269-35F89E88E2EF}.Release|x86.Build.0 = Release|x86
		{C520795C-70A9-4AF6-A269-35F89E88E2EF}.Release|x86.Deploy.0 = Release|x86
		{C2447385-8379-472F-9B6F-781A7D59A92B}.Debug|Any CPU.ActiveCfg = Debug|x86
		{C2447385-8379-472F-9B6F-781A7D59A92B}.Debug|ARM.ActiveCfg = Debug|ARM
		{C2447385-8379-472F-9B6F-781A7D59A92B}.Debug|ARM.Build.0 = Debug|ARM
		{C2447385-8379-472F-9B6F-781A7D59A92B}.Debug|ARM.Deploy.0 = Debug|ARM
		{C2447385-8379-472F-9B6F-781A7D59A92B}.Debug|ARM64.ActiveCfg = Debug|ARM64
		{C2447385-8379-472F-9B6F-781A7D59A92B}.Debug|ARM64.Build.0 = Debug|ARM64
		{C2447385-8379-472F-9B6F-781A7D59A92B}.Debug|ARM64.Deploy.0 = Debug|ARM64
		{C2447385-8379-472F-9B6F-781A7D59A92B}.Debug|x64.ActiveCfg = Debug|x64
		{C2447385-8379-472F-9B6F-781A7D59A92B}.Debug|x64.Build.0 = Debug|x64
		{C2447385-8379-472F-9B6F-781A7D59A92B}.Debug|x64.Deploy.0 = Debug|x64
		{C2447385-8379-472F-9B6F-781A7D59A92B}.Debug|x86.ActiveCfg = Debug|x86
		{C2447385-8379-472F-9B6F-781A7D59A92B}.Debug|x86.Build.0 = Debug|x86
		{C2447385-8379-472F-9B6F-781A7D59A92B}.Debug|x86.Deploy.0 = Debug|x86
		{C2447385-8379-472F-9B6F-781A7D59A92B}.Release|Any CPU.ActiveCfg = Release|x86
		{C2447385-8379-472F-9B6F-781A7D59A92B}.Release|ARM.ActiveCfg = Release|ARM
		{C2447385-8379-472F-9B6F-781A7D59A92B}.Release|ARM.Build.0 = Release|ARM
		{C2447385-8379-472F-9B6F-781A7D59A92B}.Release|ARM.Deploy.0 = Release|ARM
		{C2447385-8379-472F-9B6F-781A7D59A92B}.Release|ARM64.ActiveCfg = Release|ARM64
		{C2447385-8379-472F-9B6F-781A7D59A92B}.Release|ARM64.Build.0 = Release|ARM64
		{C2447385-8379-472F-9B6F-781A7D59A92B}.Release|ARM64.Deploy.0 = Release|ARM64
		{C2447385-8379-472F-9B6F-781A7D59A92B}.Release|x64.ActiveCfg = Release|x64
		{C2447385-8379-472F-9B6F-781A7D59A92B}.Release|x64.Build.0 = Release|x64
		{C2447385-8379-472F-9B6F-781A7D59A92B}.Release|x64.Deploy.0 = Release|x64
		{C2447385-8379-472F-9B6F-781A7D59A92B}.Release|x86.ActiveCfg = Release|x86
		{C2447385-8379-472F-9B6F-781A7D59A92B}.Release|x86.Build.0 = Release|x86
		{C2447385-8379-472F-9B6F-781A7D59A92B}.Release|x86.Deploy.0 = Release|x86
	EndGlobalSection
	GlobalSection(SolutionProperties) = preSolution
		HideSolutionNode = FALSE
	EndGlobalSection
	GlobalSection(ExtensibilityGlobals) = postSolution
		SolutionGuid = {58FA555C-CE3D-4E9F-A518-6CDEC30B8C7C}
	EndGlobalSection
EndGlobal
